
Microsoft Visual Studio Solution File, Format Version 12.00
# Visual Studio Version 16
VisualStudioVersion = 16.0.29102.190
MinimumVisualStudioVersion = 10.0.40219.1
Project("{FAE04EC0-301F-11D3-BF4B-00C04F79EFBC}") = "BedConfiguration", "BedConfiguration\BedConfiguration.csproj", "{1C2E4316-047C-40DF-8FA6-7AC7C3DD0C8F}"
EndProject
Project("{FAE04EC0-301F-11D3-BF4B-00C04F79EFBC}") = "AllotBedModuleLib", "AllotBedModuleLib\AllotBedModuleLib.csproj", "{0A1B636A-A9BF-45C3-96A0-77AA3651F446}"
EndProject
Project("{FAE04EC0-301F-11D3-BF4B-00C04F79EFBC}") = "DischargePatientModuleLib", "DischargePatientModuleLib\DischargePatientModuleLib.csproj", "{D9696844-10BA-44F3-82C6-764F4EA4380B}"
EndProject
Project("{FAE04EC0-301F-11D3-BF4B-00C04F79EFBC}") = "EnableVitalsClass", "EnableVitalsClass\EnableVitalsClass.csproj", "{9C1E576D-5CA9-42F7-A2AE-94F13049FE66}"
EndProject
Project("{FAE04EC0-301F-11D3-BF4B-00C04F79EFBC}") = "VitalSigns", "VitalSigns\VitalSigns.csproj", "{BD2738AC-5507-411F-A687-C7449D50479F}"
EndProject
Project("{FAE04EC0-301F-11D3-BF4B-00C04F79EFBC}") = "VitalsType", "VitalsType\VitalsType.csproj", "{59D8FD4A-8B38-4086-9BD9-AF08376DD78D}"
EndProject
Project("{2150E333-8FDC-42A3-9474-1A3956D46DE8}") = "Tests", "Tests", "{2F9BE10E-BEB0-4EEE-AE31-FE4CDC8B3B07}"
EndProject
Project("{FAE04EC0-301F-11D3-BF4B-00C04F79EFBC}") = "DischargePatientLibTests", "DischargePatientLibTests\DischargePatientLibTests.csproj", "{9C141715-548C-4CEC-8FBA-2FE7878DF25C}"
EndProject
Project("{FAE04EC0-301F-11D3-BF4B-00C04F79EFBC}") = "AllotBedLibTest", "AllotBedLibTest\AllotBedLibTest.csproj", "{ED6F1A9B-CB16-4761-B7FD-40EB9B5EC729}"
EndProject
Project("{FAE04EC0-301F-11D3-BF4B-00C04F79EFBC}") = "ViewModel", "ViewModel\ViewModel.csproj", "{BEF31F1C-3221-459B-BF2A-C964E30C566F}"
EndProject
Project("{FAE04EC0-301F-11D3-BF4B-00C04F79EFBC}") = "MVVMUtilityLib", "MVVMUtilityLib\MVVMUtilityLib.csproj", "{D77E51AF-8EFE-45C7-B612-62B50116795B}"
EndProject
Project("{FAE04EC0-301F-11D3-BF4B-00C04F79EFBC}") = "ViewModelTest", "ViewModelTest\ViewModelTest.csproj", "{01A5D74D-2E97-4F31-8D16-5F3F54A5C4C7}"
EndProject
Global
	GlobalSection(SolutionConfigurationPlatforms) = preSolution
		Debug|Any CPU = Debug|Any CPU
		Release|Any CPU = Release|Any CPU
	EndGlobalSection
	GlobalSection(ProjectConfigurationPlatforms) = postSolution
		{1C2E4316-047C-40DF-8FA6-7AC7C3DD0C8F}.Debug|Any CPU.ActiveCfg = Debug|Any CPU
		{1C2E4316-047C-40DF-8FA6-7AC7C3DD0C8F}.Debug|Any CPU.Build.0 = Debug|Any CPU
		{1C2E4316-047C-40DF-8FA6-7AC7C3DD0C8F}.Release|Any CPU.ActiveCfg = Release|Any CPU
		{1C2E4316-047C-40DF-8FA6-7AC7C3DD0C8F}.Release|Any CPU.Build.0 = Release|Any CPU
		{0A1B636A-A9BF-45C3-96A0-77AA3651F446}.Debug|Any CPU.ActiveCfg = Debug|Any CPU
		{0A1B636A-A9BF-45C3-96A0-77AA3651F446}.Debug|Any CPU.Build.0 = Debug|Any CPU
		{0A1B636A-A9BF-45C3-96A0-77AA3651F446}.Release|Any CPU.ActiveCfg = Release|Any CPU
		{0A1B636A-A9BF-45C3-96A0-77AA3651F446}.Release|Any CPU.Build.0 = Release|Any CPU
		{D9696844-10BA-44F3-82C6-764F4EA4380B}.Debug|Any CPU.ActiveCfg = Debug|Any CPU
		{D9696844-10BA-44F3-82C6-764F4EA4380B}.Debug|Any CPU.Build.0 = Debug|Any CPU
		{D9696844-10BA-44F3-82C6-764F4EA4380B}.Release|Any CPU.ActiveCfg = Release|Any CPU
		{D9696844-10BA-44F3-82C6-764F4EA4380B}.Release|Any CPU.Build.0 = Release|Any CPU
		{9C1E576D-5CA9-42F7-A2AE-94F13049FE66}.Debug|Any CPU.ActiveCfg = Debug|Any CPU
		{9C1E576D-5CA9-42F7-A2AE-94F13049FE66}.Debug|Any CPU.Build.0 = Debug|Any CPU
		{9C1E576D-5CA9-42F7-A2AE-94F13049FE66}.Release|Any CPU.ActiveCfg = Release|Any CPU
		{9C1E576D-5CA9-42F7-A2AE-94F13049FE66}.Release|Any CPU.Build.0 = Release|Any CPU
		{BD2738AC-5507-411F-A687-C7449D50479F}.Debug|Any CPU.ActiveCfg = Debug|Any CPU
		{BD2738AC-5507-411F-A687-C7449D50479F}.Debug|Any CPU.Build.0 = Debug|Any CPU
		{BD2738AC-5507-411F-A687-C7449D50479F}.Release|Any CPU.ActiveCfg = Release|Any CPU
		{BD2738AC-5507-411F-A687-C7449D50479F}.Release|Any CPU.Build.0 = Release|Any CPU
		{59D8FD4A-8B38-4086-9BD9-AF08376DD78D}.Debug|Any CPU.ActiveCfg = Debug|Any CPU
		{59D8FD4A-8B38-4086-9BD9-AF08376DD78D}.Debug|Any CPU.Build.0 = Debug|Any CPU
		{59D8FD4A-8B38-4086-9BD9-AF08376DD78D}.Release|Any CPU.ActiveCfg = Release|Any CPU
		{59D8FD4A-8B38-4086-9BD9-AF08376DD78D}.Release|Any CPU.Build.0 = Release|Any CPU
		{9C141715-548C-4CEC-8FBA-2FE7878DF25C}.Debug|Any CPU.ActiveCfg = Debug|Any CPU
		{9C141715-548C-4CEC-8FBA-2FE7878DF25C}.Debug|Any CPU.Build.0 = Debug|Any CPU
		{9C141715-548C-4CEC-8FBA-2FE7878DF25C}.Release|Any CPU.ActiveCfg = Release|Any CPU
		{9C141715-548C-4CEC-8FBA-2FE7878DF25C}.Release|Any CPU.Build.0 = Release|Any CPU
		{ED6F1A9B-CB16-4761-B7FD-40EB9B5EC729}.Debug|Any CPU.ActiveCfg = Debug|Any CPU
		{ED6F1A9B-CB16-4761-B7FD-40EB9B5EC729}.Debug|Any CPU.Build.0 = Debug|Any CPU
		{ED6F1A9B-CB16-4761-B7FD-40EB9B5EC729}.Release|Any CPU.ActiveCfg = Release|Any CPU
		{ED6F1A9B-CB16-4761-B7FD-40EB9B5EC729}.Release|Any CPU.Build.0 = Release|Any CPU
		{BEF31F1C-3221-459B-BF2A-C964E30C566F}.Debug|Any CPU.ActiveCfg = Debug|Any CPU
		{BEF31F1C-3221-459B-BF2A-C964E30C566F}.Debug|Any CPU.Build.0 = Debug|Any CPU
		{BEF31F1C-3221-459B-BF2A-C964E30C566F}.Release|Any CPU.ActiveCfg = Release|Any CPU
		{BEF31F1C-3221-459B-BF2A-C964E30C566F}.Release|Any CPU.Build.0 = Release|Any CPU
		{D77E51AF-8EFE-45C7-B612-62B50116795B}.Debug|Any CPU.ActiveCfg = Debug|Any CPU
		{D77E51AF-8EFE-45C7-B612-62B50116795B}.Debug|Any CPU.Build.0 = Debug|Any CPU
		{D77E51AF-8EFE-45C7-B612-62B50116795B}.Release|Any CPU.ActiveCfg = Release|Any CPU
		{D77E51AF-8EFE-45C7-B612-62B50116795B}.Release|Any CPU.Build.0 = Release|Any CPU
		{01A5D74D-2E97-4F31-8D16-5F3F54A5C4C7}.Debug|Any CPU.ActiveCfg = Debug|Any CPU
		{01A5D74D-2E97-4F31-8D16-5F3F54A5C4C7}.Debug|Any CPU.Build.0 = Debug|Any CPU
		{01A5D74D-2E97-4F31-8D16-5F3F54A5C4C7}.Release|Any CPU.ActiveCfg = Release|Any CPU
		{01A5D74D-2E97-4F31-8D16-5F3F54A5C4C7}.Release|Any CPU.Build.0 = Release|Any CPU
	EndGlobalSection
	GlobalSection(SolutionProperties) = preSolution
		HideSolutionNode = FALSE
	EndGlobalSection
	GlobalSection(NestedProjects) = preSolution
		{9C141715-548C-4CEC-8FBA-2FE7878DF25C} = {2F9BE10E-BEB0-4EEE-AE31-FE4CDC8B3B07}
		{ED6F1A9B-CB16-4761-B7FD-40EB9B5EC729} = {2F9BE10E-BEB0-4EEE-AE31-FE4CDC8B3B07}
		{01A5D74D-2E97-4F31-8D16-5F3F54A5C4C7} = {2F9BE10E-BEB0-4EEE-AE31-FE4CDC8B3B07}
	EndGlobalSection
	GlobalSection(ExtensibilityGlobals) = postSolution
		SolutionGuid = {D8E31ECD-2C64-4504-B5D4-75EAEA7CBEE1}
	EndGlobalSection
EndGlobal
